
Microsoft Visual Studio Solution File, Format Version 12.00
# Visual Studio Version 16
VisualStudioVersion = 16.0.30011.22
MinimumVisualStudioVersion = 10.0.40219.1
Project("{FAE04EC0-301F-11D3-BF4B-00C04F79EFBC}") = "SnowRunner-Tool", "SnowRunner-Tool\SnowRunner-Tool.csproj", "{A97E4C40-A7D4-4EDC-A064-D4BAC417632D}"
EndProject
Global
	GlobalSection(SolutionConfigurationPlatforms) = preSolution
		Debug|Any CPU = Debug|Any CPU
		Release|Any CPU = Release|Any CPU
	EndGlobalSection
	GlobalSection(ProjectConfigurationPlatforms) = postSolution
		{A97E4C40-A7D4-4EDC-A064-D4BAC417632D}.Debug|Any CPU.ActiveCfg = Debug|Any CPU
		{A97E4C40-A7D4-4EDC-A064-D4BAC417632D}.Debug|Any CPU.Build.0 = Debug|Any CPU
		{A97E4C40-A7D4-4EDC-A064-D4BAC417632D}.Release|Any CPU.ActiveCfg = Release|Any CPU
		{A97E4C40-A7D4-4EDC-A064-D4BAC417632D}.Release|Any CPU.Build.0 = Release|Any CPU
	EndGlobalSection
	GlobalSection(SolutionProperties) = preSolution
		HideSolutionNode = FALSE
	EndGlobalSection
	GlobalSection(ExtensibilityGlobals) = postSolution
		SolutionGuid = {7692FD51-F64E-426F-A669-25631DFBD52C}
	EndGlobalSection
EndGlobal
